{
  "nodes": {
    "nixpkgs": {
      "locked": {
        "lastModified": 1788584326,
        "narHash": "sha256-Fd3OB8J9JhgliQwOKcqx4M672CInxi1I5VnwsaXeSQo=",
        "rev": "6713828a351efa628b025a1adf7f43cbf8597513",
        "revCount": 1013464,
        "type": "tarball",
        "url": "https://api.flakehub.com/f/pinned/NixOS/nixpkgs/0.2605.1013464%2Brev-6713828a351efa628b025a1adf7f43cbf8597513/01a07539-88a8-7940-bbe9-bd2b0da40c98/source.tar.gz"
      },
      "original": {
        "type": "tarball",
        "url": "https://flakehub.com/f/NixOS/nixpkgs/0"
      }
    },
    "root": {
      "inputs": {
        "nixpkgs": "nixpkgs"
      }
    }
  },
  "root": "root",
  "version": 7
}
